// !$*UTF8*$!
{
	archiveVersion = 1;
	classes = {
	};
	objectVersion = 50;
	objects = {

/* Begin PBXBuildFile section */
		6F5CA52421997F8D00C85229 /* AppDelegate.swift in Sources */ = {isa = PBXBuildFile; fileRef = 6F5CA52321997F8D00C85229 /* AppDelegate.swift */; };
		6F5CA52621997F8D00C85229 /* GitViewController.swift in Sources */ = {isa = PBXBuildFile; fileRef = 6F5CA52521997F8D00C85229 /* GitViewController.swift */; };
		6F5CA52921997F8D00C85229 /* Main.storyboard in Resources */ = {isa = PBXBuildFile; fileRef = 6F5CA52721997F8D00C85229 /* Main.storyboard */; };
		6F5CA52B21997F8E00C85229 /* Assets.xcassets in Resources */ = {isa = PBXBuildFile; fileRef = 6F5CA52A21997F8E00C85229 /* Assets.xcassets */; };
		6F5CA52E21997F8E00C85229 /* LaunchScreen.storyboard in Resources */ = {isa = PBXBuildFile; fileRef = 6F5CA52C21997F8E00C85229 /* LaunchScreen.storyboard */; };
		6F5CA5362199812E00C85229 /* TableViewCell1.swift in Sources */ = {isa = PBXBuildFile; fileRef = 6F5CA5352199812E00C85229 /* TableViewCell1.swift */; };
/* End PBXBuildFile section */

/* Begin PBXFileReference section */
		6F5CA52021997F8D00C85229 /* dv.app */ = {isa = PBXFileReference; explicitFileType = wrapper.application; includeInIndex = 0; path = dv.app; sourceTree = BUILT_PRODUCTS_DIR; };
		6F5CA52321997F8D00C85229 /* AppDelegate.swift */ = {isa = PBXFileReference; lastKnownFileType = sourcecode.swift; path = AppDelegate.swift; sourceTree = "<group>"; };
		6F5CA52521997F8D00C85229 /* GitViewController.swift */ = {isa = PBXFileReference; lastKnownFileType = sourcecode.swift; path = GitViewController.swift; sourceTree = "<group>"; };
		6F5CA52821997F8D00C85229 /* Base */ = {isa = PBXFileReference; lastKnownFileType = file.storyboard; name = Base; path = Base.lproj/Main.storyboard; sourceTree = "<group>"; };
		6F5CA52A21997F8E00C85229 /* Assets.xcassets */ = {isa = PBXFileReference; lastKnownFileType = folder.assetcatalog; path = Assets.xcassets; sourceTree = "<group>"; };
		6F5CA52D21997F8E00C85229 /* Base */ = {isa = PBXFileReference; lastKnownFileType = file.storyboard; name = Base; path = Base.lproj/LaunchScreen.storyboard; sourceTree = "<group>"; };
		6F5CA52F21997F8E00C85229 /* Info.plist */ = {isa = PBXFileReference; lastKnownFileType = text.plist.xml; path = Info.plist; sourceTree = "<group>"; };
		6F5CA5352199812E00C85229 /* TableViewCell1.swift */ = {isa = PBXFileReference; lastKnownFileType = sourcecode.swift; path = TableViewCell1.swift; sourceTree = "<group>"; };
/* End PBXFileReference section */

/* Begin PBXFrameworksBuildPhase section */
		6F5CA51D21997F8D00C85229 /* Frameworks */ = {
			isa = PBXFrameworksBuildPhase;
			buildActionMask = 2147483647;
			files = (
			);
			runOnlyForDeploymentPostprocessing = 0;
		};
/* End PBXFrameworksBuildPhase section */

/* Begin PBXGroup section */
		6F5CA51721997F8D00C85229 = {
			isa = PBXGroup;
			children = (
				6F5CA52221997F8D00C85229 /* dv */,
				6F5CA52121997F8D00C85229 /* Products */,
			);
			sourceTree = "<group>";
		};
		6F5CA52121997F8D00C85229 /* Products */ = {
			isa = PBXGroup;
			children = (
				6F5CA52021997F8D00C85229 /* dv.app */,
			);
			name = Products;
			sourceTree = "<group>";
		};
		6F5CA52221997F8D00C85229 /* dv */ = {
			isa = PBXGroup;
			children = (
				6F5CA52321997F8D00C85229 /* AppDelegate.swift */,
				6F5CA52521997F8D00C85229 /* GitViewController.swift */,
				6F5CA52721997F8D00C85229 /* Main.storyboard */,
				6F5CA52A21997F8E00C85229 /* Assets.xcassets */,
				6F5CA52C21997F8E00C85229 /* LaunchScreen.storyboard */,
				6F5CA52F21997F8E00C85229 /* Info.plist */,
				6F5CA5352199812E00C85229 /* TableViewCell1.swift */,
			);
			path = dv;
			sourceTree = "<group>";
		};
/* End PBXGroup section */

/* Begin PBXNativeTarget section */
		6F5CA51F21997F8D00C85229 /* dv */ = {
			isa = PBXNativeTarget;
			buildConfigurationList = 6F5CA53221997F8E00C85229 /* Build configuration list for PBXNativeTarget "dv" */;
			buildPhases = (
				6F5CA51C21997F8D00C85229 /* Sources */,
				6F5CA51D21997F8D00C85229 /* Frameworks */,
				6F5CA51E21997F8D00C85229 /* Resources */,
			);
			buildRules = (
			);
			dependencies = (
			);
			name = dv;
			productName = dv;
			productReference = 6F5CA52021997F8D00C85229 /* dv.app */;
			productType = "com.apple.product-type.application";
		};
/* End PBXNativeTarget section */

/* Begin PBXProject section */
		6F5CA51821997F8D00C85229 /* Project object */ = {
			isa = PBXProject;
			attributes = {
				LastSwiftUpdateCheck = 0940;
				LastUpgradeCheck = 0940;
				ORGANIZATIONNAME = RoxAI;
				TargetAttributes = {
					6F5CA51F21997F8D00C85229 = {
						CreatedOnToolsVersion = 9.4;
					};
				};
			};
			buildConfigurationList = 6F5CA51B21997F8D00C85229 /* Build configuration list for PBXProject "dv" */;
			compatibilityVersion = "Xcode 9.3";
			developmentRegion = en;
			hasScannedForEncodings = 0;
			knownRegions = (
				en,
				Base,
			);
			mainGroup = 6F5CA51721997F8D00C85229;
			productRefGroup = 6F5CA52121997F8D00C85229 /* Products */;
			projectDirPath = "";
			projectRoot = "";
			targets = (
				6F5CA51F21997F8D00C85229 /* dv */,
			);
		};
/* End PBXProject section */

/* Begin PBXResourcesBuildPhase section */
		6F5CA51E21997F8D00C85229 /* Resources */ = {
			isa = PBXResourcesBuildPhase;
			buildActionMask = 2147483647;
			files = (
				6F5CA52E21997F8E00C85229 /* LaunchScreen.storyboard in Resources */,
				6F5CA52B21997F8E00C85229 /* Assets.xcassets in Resources */,
				6F5CA52921997F8D00C85229 /* Main.storyboard in Resources */,
			);
			runOnlyForDeploymentPostprocessing = 0;
		};
/* End PBXResourcesBuildPhase section */

/* Begin PBXSourcesBuildPhase section */
		6F5CA51C21997F8D00C85229 /* Sources */ = {
			isa = PBXSourcesBuildPhase;
			buildActionMask = 2147483647;
			files = (
				6F5CA5362199812E00C85229 /* TableViewCell1.swift in Sources */,
				6F5CA52621997F8D00C85229 /* ViewController.swift in Sources */,
				6F5CA52421997F8D00C85229 /* AppDelegate.swift in Sources */,
			);
			runOnlyForDeploymentPostprocessing = 0;
		};
/* End PBXSourcesBuildPhase section */

/* Begin PBXVariantGroup section */
		6F5CA52721997F8D00C85229 /* Main.storyboard */ = {
			isa = PBXVariantGroup;
			children = (
				6F5CA52821997F8D00C85229 /* Base */,
			);
			name = Main.storyboard;
			sourceTree = "<group>";
		};
		6F5CA52C21997F8E00C85229 /* LaunchScreen.storyboard */ = {
			isa = PBXVariantGroup;
			children = (
				6F5CA52D21997F8E00C85229 /* Base */,
			);
			name = LaunchScreen.storyboard;
			sourceTree = "<group>";
		};
/* End PBXVariantGroup section */

/* Begin XCBuildConfiguration section */
		6F5CA53021997F8E00C85229 /* Debug */ = {
			isa = XCBuildConfiguration;
			buildSettings = {
				ALWAYS_SEARCH_USER_PATHS = NO;
				CLANG_ANALYZER_NONNULL = YES;
				CLANG_ANALYZER_NUMBER_OBJECT_CONVERSION = YES_AGGRESSIVE;
				CLANG_CXX_LANGUAGE_STANDARD = "gnu++14";
				CLANG_CXX_LIBRARY = "libc++";
				CLANG_ENABLE_MODULES = YES;
				CLANG_ENABLE_OBJC_ARC = YES;
				CLANG_ENABLE_OBJC_WEAK = YES;
				CLANG_WARN_BLOCK_CAPTURE_AUTORELEASING = YES;
				CLANG_WARN_BOOL_CONVERSION = YES;
				CLANG_WARN_COMMA = YES;
				CLANG_WARN_CONSTANT_CONVERSION = YES;
				CLANG_WARN_DEPRECATED_OBJC_IMPLEMENTATIONS = YES;
				CLANG_WARN_DIRECT_OBJC_ISA_USAGE = YES_ERROR;
				CLANG_WARN_DOCUMENTATION_COMMENTS = YES;
				CLANG_WARN_EMPTY_BODY = YES;
				CLANG_WARN_ENUM_CONVERSION = YES;
				CLANG_WARN_INFINITE_RECURSION = YES;
				CLANG_WARN_INT_CONVERSION = YES;
				CLANG_WARN_NON_LITERAL_NULL_CONVERSION = YES;
				CLANG_WARN_OBJC_IMPLICIT_RETAIN_SELF = YES;
				CLANG_WARN_OBJC_LITERAL_CONVERSION = YES;
				CLANG_WARN_OBJC_ROOT_CLASS = YES_ERROR;
				CLANG_WARN_RANGE_LOOP_ANALYSIS = YES;
				CLANG_WARN_STRICT_PROTOTYPES = YES;
				CLANG_WARN_SUSPICIOUS_MOVE = YES;
				CLANG_WARN_UNGUARDED_AVAILABILITY = YES_AGGRESSIVE;
				CLANG_WARN_UNREACHABLE_CODE = YES;
				CLANG_WARN__DUPLICATE_METHOD_MATCH = YES;
				CODE_SIGN_IDENTITY = "iPhone Developer";
				COPY_PHASE_STRIP = NO;
				DEBUG_INFORMATION_FORMAT = dwarf;
				ENABLE_STRICT_OBJC_MSGSEND = YES;
				ENABLE_TESTABILITY = YES;
				GCC_C_LANGUAGE_STANDARD = gnu11;
				GCC_DYNAMIC_NO_PIC = NO;
				GCC_NO_COMMON_BLOCKS = YES;
				GCC_OPTIMIZATION_LEVEL = 0;
				GCC_PREPROCESSOR_DEFINITIONS = (
					"DEBUG=1",
					"$(inherited)",
				);
				GCC_WARN_64_TO_32_BIT_CONVERSION = YES;
				GCC_WARN_ABOUT_RETURN_TYPE = YES_ERROR;
				GCC_WARN_UNDECLARED_SELECTOR = YES;
				GCC_WARN_UNINITIALIZED_AUTOS = YES_AGGRESSIVE;
				GCC_WARN_UNUSED_FUNCTION = YES;
				GCC_WARN_UNUSED_VARIABLE = YES;
				IPHONEOS_DEPLOYMENT_TARGET = 11.4;
				MTL_ENABLE_DEBUG_INFO = YES;
				ONLY_ACTIVE_ARCH = YES;
				SDKROOT = iphoneos;
				SWIFT_ACTIVE_COMPILATION_CONDITIONS = DEBUG;
				SWIFT_OPTIMIZATION_LEVEL = "-Onone";
			};
			name = Debug;
		};
		6F5CA53121997F8E00C85229 /* Release */ = {
			isa = XCBuildConfiguration;
			buildSettings = {
				ALWAYS_SEARCH_USER_PATHS = NO;
				CLANG_ANALYZER_NONNULL = YES;
				CLANG_ANALYZER_NUMBER_OBJECT_CONVERSION = YES_AGGRESSIVE;
				CLANG_CXX_LANGUAGE_STANDARD = "gnu++14";
				CLANG_CXX_LIBRARY = "libc++";
				CLANG_ENABLE_MODULES = YES;
				CLANG_ENABLE_OBJC_ARC = YES;
				CLANG_ENABLE_OBJC_WEAK = YES;
				CLANG_WARN_BLOCK_CAPTURE_AUTORELEASING = YES;
				CLANG_WARN_BOOL_CONVERSION = YES;
				CLANG_WARN_COMMA = YES;
				CLANG_WARN_CONSTANT_CONVERSION = YES;
				CLANG_WARN_DEPRECATED_OBJC_IMPLEMENTATIONS = YES;
				CLANG_WARN_DIRECT_OBJC_ISA_USAGE = YES_ERROR;
				CLANG_WARN_DOCUMENTATION_COMMENTS = YES;
				CLANG_WARN_EMPTY_BODY = YES;
				CLANG_WARN_ENUM_CONVERSION = YES;
				CLANG_WARN_INFINITE_RECURSION = YES;
				CLANG_WARN_INT_CONVERSION = YES;
				CLANG_WARN_NON_LITERAL_NULL_CONVERSION = YES;
				CLANG_WARN_OBJC_IMPLICIT_RETAIN_SELF = YES;
				CLANG_WARN_OBJC_LITERAL_CONVERSION = YES;
				CLANG_WARN_OBJC_ROOT_CLASS = YES_ERROR;
				CLANG_WARN_RANGE_LOOP_ANALYSIS = YES;
				CLANG_WARN_STRICT_PROTOTYPES = YES;
				CLANG_WARN_SUSPICIOUS_MOVE = YES;
				CLANG_WARN_UNGUARDED_AVAILABILITY = YES_AGGRESSIVE;
				CLANG_WARN_UNREACHABLE_CODE = YES;
				CLANG_WARN__DUPLICATE_METHOD_MATCH = YES;
				CODE_SIGN_IDENTITY = "iPhone Developer";
				COPY_PHASE_STRIP = NO;
				DEBUG_INFORMATION_FORMAT = "dwarf-with-dsym";
				ENABLE_NS_ASSERTIONS = NO;
				ENABLE_STRICT_OBJC_MSGSEND = YES;
				GCC_C_LANGUAGE_STANDARD = gnu11;
				GCC_NO_COMMON_BLOCKS = YES;
				GCC_WARN_64_TO_32_BIT_CONVERSION = YES;
				GCC_WARN_ABOUT_RETURN_TYPE = YES_ERROR;
				GCC_WARN_UNDECLARED_SELECTOR = YES;
				GCC_WARN_UNINITIALIZED_AUTOS = YES_AGGRESSIVE;
				GCC_WARN_UNUSED_FUNCTION = YES;
				GCC_WARN_UNUSED_VARIABLE = YES;
				IPHONEOS_DEPLOYMENT_TARGET = 11.4;
				MTL_ENABLE_DEBUG_INFO = NO;
				SDKROOT = iphoneos;
				SWIFT_COMPILATION_MODE = wholemodule;
				SWIFT_OPTIMIZATION_LEVEL = "-O";
				VALIDATE_PRODUCT = YES;
			};
			name = Release;
		};
		6F5CA53321997F8E00C85229 /* Debug */ = {
			isa = XCBuildConfiguration;
			buildSettings = {
				ASSETCATALOG_COMPILER_APPICON_NAME = AppIcon;
				CODE_SIGN_STYLE = Automatic;
				DEVELOPMENT_TEAM = 73X84F6XGP;
				INFOPLIST_FILE = dv/Info.plist;
				LD_RUNPATH_SEARCH_PATHS = (
					"$(inherited)",
					"@executable_path/Frameworks",
				);
				PRODUCT_BUNDLE_IDENTIFIER = com.roxai.dv;
				PRODUCT_NAME = "$(TARGET_NAME)";
				SWIFT_VERSION = 4.0;
				TARGETED_DEVICE_FAMILY = "1,2";
			};
			name = Debug;
		};
		6F5CA53421997F8E00C85229 /* Release */ = {
			isa = XCBuildConfiguration;
			buildSettings = {
				ASSETCATALOG_COMPILER_APPICON_NAME = AppIcon;
				CODE_SIGN_STYLE = Automatic;
				DEVELOPMENT_TEAM = 73X84F6XGP;
				INFOPLIST_FILE = dv/Info.plist;
				LD_RUNPATH_SEARCH_PATHS = (
					"$(inherited)",
					"@executable_path/Frameworks",
				);
				PRODUCT_BUNDLE_IDENTIFIER = com.roxai.dv;
				PRODUCT_NAME = "$(TARGET_NAME)";
				SWIFT_VERSION = 4.0;
				TARGETED_DEVICE_FAMILY = "1,2";
			};
			name = Release;
		};
/* End XCBuildConfiguration section */

/* Begin XCConfigurationList section */
		6F5CA51B21997F8D00C85229 /* Build configuration list for PBXProject "dv" */ = {
			isa = XCConfigurationList;
			buildConfigurations = (
				6F5CA53021997F8E00C85229 /* Debug */,
				6F5CA53121997F8E00C85229 /* Release */,
			);
			defaultConfigurationIsVisible = 0;
			defaultConfigurationName = Release;
		};
		6F5CA53221997F8E00C85229 /* Build configuration list for PBXNativeTarget "dv" */ = {
			isa = XCConfigurationList;
			buildConfigurations = (
				6F5CA53321997F8E00C85229 /* Debug */,
				6F5CA53421997F8E00C85229 /* Release */,
			);
			defaultConfigurationIsVisible = 0;
			defaultConfigurationName = Release;
		};
/* End XCConfigurationList section */
	};
	rootObject = 6F5CA51821997F8D00C85229 /* Project object */;
}
